// !$*UTF8*$!
{
	archiveVersion = 1;
	classes = {
	};
	objectVersion = 56;
	objects = {

/* Begin PBXBuildFile section */
		1CD68C9F306F61F50054CB9A /* AshiatoKaiApp.swift in Sources */ = {isa = PBXBuildFile; fileRef = 1CD68C90306F61F50054CB9A /* AshiatoKaiApp.swift */; };
		1CD68CA0306F61F50054CB9A /* OptionsView.swift in Sources */ = {isa = PBXBuildFile; fileRef = 1CD68C97306F61F50054CB9A /* OptionsView.swift */; };
		1CD68CA1306F61F50054CB9A /* RecordDetailView.swift in Sources */ = {isa = PBXBuildFile; fileRef = 1CD68C98306F61F50054CB9A /* RecordDetailView.swift */; };
		1CD68CA2306F61F50054CB9A /* SearchView.swift in Sources */ = {isa = PBXBuildFile; fileRef = 1CD68C99306F61F50054CB9A /* SearchView.swift */; };
		1CD68CA3306F61F50054CB9A /* SearchViewModel.swift in Sources */ = {isa = PBXBuildFile; fileRef = 1CD68C9A306F61F50054CB9A /* SearchViewModel.swift */; };
		1CD68CA4306F61F50054CB9A /* AppView.swift in Sources */ = {isa = PBXBuildFile; fileRef = 1CD68C8F306F61F50054CB9A /* AppView.swift */; };
		1CD68CA5306F61F50054CB9A /* MockSearchRepository.swift in Sources */ = {isa = PBXBuildFile; fileRef = 1CD68C92306F61F50054CB9A /* MockSearchRepository.swift */; };
		1CD68CA6306F61F50054CB9A /* AppCoordinator.swift in Sources */ = {isa = PBXBuildFile; fileRef = 1CD68C9C306F61F50054CB9A /* AppCoordinator.swift */; };
		1CD68CA7306F61F50054CB9A /* SearchModels.swift in Sources */ = {isa = PBXBuildFile; fileRef = 1CD68C95306F61F50054CB9A /* SearchModels.swift */; };
		1CD68CA8306F61F50054CB9A /* APIError.swift in Sources */ = {isa = PBXBuildFile; fileRef = 1CD68C93306F61F50054CB9A /* APIError.swift */; };
		1CD68CA9306F61F50054CB9A /* Networking.swift in Sources */ = {isa = PBXBuildFile; fileRef = 1CD68C9E306F61F50054CB9A /* Networking.swift */; };
		1CD68CAD306F624A0054CB9A /* ImmigrantDTO.swift in Sources */ = {isa = PBXBuildFile; fileRef = 1CD68CAC306F624A0054CB9A /* ImmigrantDTO.swift */; };
		1CD68CB2306F627A0054CB9A /* RemoteSearchRepository.swift in Sources */ = {isa = PBXBuildFile; fileRef = 1CD68CB1306F627A0054CB9A /* RemoteSearchRepository.swift */; };
		1CD68CB8306F63070054CB9A /* SearchForm.swift in Sources */ = {isa = PBXBuildFile; fileRef = 1CD68CB7306F63070054CB9A /* SearchForm.swift */; };
		1CD68CBA306F63220054CB9A /* SearchState.swift in Sources */ = {isa = PBXBuildFile; fileRef = 1CD68CB9306F631F0054CB9A /* SearchState.swift */; };
		1CD68CBC306F63770054CB9A /* URLSessionAPIClient.swift in Sources */ = {isa = PBXBuildFile; fileRef = 1CD68CBB306F63770054CB9A /* URLSessionAPIClient.swift */; };
		1CD68CBE306F63AB0054CB9A /* APIClient.swift in Sources */ = {isa = PBXBuildFile; fileRef = 1CD68CBD306F63AB0054CB9A /* APIClient.swift */; };
		1CD68CC0306F640C0054CB9A /* APIErrorEnvelope.swift in Sources */ = {isa = PBXBuildFile; fileRef = 1CD68CBF306F640C0054CB9A /* APIErrorEnvelope.swift */; };
		1CD68CC3306F675C0054CB9A /* RetrieveImmigrantsUseCaseInterface.swift in Sources */ = {isa = PBXBuildFile; fileRef = 1CD68CC2306F675C0054CB9A /* RetrieveImmigrantsUseCaseInterface.swift */; };
		1CD68CC6306F677F0054CB9A /* RetrieveImmigrantsError.swift in Sources */ = {isa = PBXBuildFile; fileRef = 1CD68CC5306F677F0054CB9A /* RetrieveImmigrantsError.swift */; };
		1CD68CC8306F678E0054CB9A /* RetrieveImmigrantsUseCase.swift in Sources */ = {isa = PBXBuildFile; fileRef = 1CD68CC7306F678E0054CB9A /* RetrieveImmigrantsUseCase.swift */; };
		1CD68CCA306F68C10054CB9A /* AppContainer.swift in Sources */ = {isa = PBXBuildFile; fileRef = 1CD68CC9306F68C10054CB9A /* AppContainer.swift */; };
		1CD68CCC306F6C910054CB9A /* ImmigrantGroup.swift in Sources */ = {isa = PBXBuildFile; fileRef = 1CD68CCB306F6C910054CB9A /* ImmigrantGroup.swift */; };
		1CD68CCE306F6CA90054CB9A /* ImmigrantGroupMember.swift in Sources */ = {isa = PBXBuildFile; fileRef = 1CD68CCD306F6CA90054CB9A /* ImmigrantGroupMember.swift */; };
		1CD68CD0306F6CC70054CB9A /* ImmigrantGroupDTO.swift in Sources */ = {isa = PBXBuildFile; fileRef = 1CD68CCF306F6CC70054CB9A /* ImmigrantGroupDTO.swift */; };
		1CD68CD2306F6CDD0054CB9A /* ImmigrantGroupMemberDTO.swift in Sources */ = {isa = PBXBuildFile; fileRef = 1CD68CD1306F6CDD0054CB9A /* ImmigrantGroupMemberDTO.swift */; };
		1CD68CD4306F6D110054CB9A /* RemoteImmigrantGroupRepository.swift in Sources */ = {isa = PBXBuildFile; fileRef = 1CD68CD3306F6D110054CB9A /* RemoteImmigrantGroupRepository.swift */; };
		1CD68CD7306F6D3F0054CB9A /* SearchRepository.swift in Sources */ = {isa = PBXBuildFile; fileRef = 1CD68CD6306F6D3F0054CB9A /* SearchRepository.swift */; };
		1CD68CD9306F6D520054CB9A /* ImmigrantGroupRepository.swift in Sources */ = {isa = PBXBuildFile; fileRef = 1CD68CD8306F6D520054CB9A /* ImmigrantGroupRepository.swift */; };
		1CD68CDC306F6DB20054CB9A /* RetrieveImmigrantGroupUseCaseInterface.swift in Sources */ = {isa = PBXBuildFile; fileRef = 1CD68CDB306F6DB20054CB9A /* RetrieveImmigrantGroupUseCaseInterface.swift */; };
		1CD68CDE306F6DC20054CB9A /* RetrieveImmigrantGroupUseCase.swift in Sources */ = {isa = PBXBuildFile; fileRef = 1CD68CDD306F6DC20054CB9A /* RetrieveImmigrantGroupUseCase.swift */; };
		1CD68CE1306F6DFE0054CB9A /* GroupDetailsState.swift in Sources */ = {isa = PBXBuildFile; fileRef = 1CD68CE0306F6DFE0054CB9A /* GroupDetailsState.swift */; };
		1CD68CE3306F6E100054CB9A /* GroupDetailsViewModel.swift in Sources */ = {isa = PBXBuildFile; fileRef = 1CD68CE2306F6E100054CB9A /* GroupDetailsViewModel.swift */; };
		1CD68CE5306F6EC80054CB9A /* GroupDetailsView.swift in Sources */ = {isa = PBXBuildFile; fileRef = 1CD68CE4306F6EC80054CB9A /* GroupDetailsView.swift */; };
		1CD68CE7306F6FD30054CB9A /* SearchNavigationEvent.swift in Sources */ = {isa = PBXBuildFile; fileRef = 1CD68CE6306F6FD30054CB9A /* SearchNavigationEvent.swift */; };
		1CD68CE9306F70260054CB9A /* SearchRecord.swift in Sources */ = {isa = PBXBuildFile; fileRef = 1CD68CE8306F70260054CB9A /* SearchRecord.swift */; };
		1CD68CEB306F70480054CB9A /* SearchError.swift in Sources */ = {isa = PBXBuildFile; fileRef = 1CD68CEA306F70480054CB9A /* SearchError.swift */; };
		1CD68CEE306F78A00054CB9A /* NameSurnameKanjiView.swift in Sources */ = {isa = PBXBuildFile; fileRef = 1CD68CED306F78A00054CB9A /* NameSurnameKanjiView.swift */; };
/* End PBXBuildFile section */

/* Begin PBXFileReference section */
		1CD68C8F306F61F50054CB9A /* AppView.swift */ = {isa = PBXFileReference; lastKnownFileType = sourcecode.swift; path = AppView.swift; sourceTree = "<group>"; };
		1CD68C90306F61F50054CB9A /* AshiatoKaiApp.swift */ = {isa = PBXFileReference; lastKnownFileType = sourcecode.swift; path = AshiatoKaiApp.swift; sourceTree = "<group>"; };
		1CD68C92306F61F50054CB9A /* MockSearchRepository.swift */ = {isa = PBXFileReference; lastKnownFileType = sourcecode.swift; path = MockSearchRepository.swift; sourceTree = "<group>"; };
		1CD68C93306F61F50054CB9A /* APIError.swift */ = {isa = PBXFileReference; lastKnownFileType = sourcecode.swift; path = APIError.swift; sourceTree = "<group>"; };
		1CD68C95306F61F50054CB9A /* SearchModels.swift */ = {isa = PBXFileReference; lastKnownFileType = sourcecode.swift; path = SearchModels.swift; sourceTree = "<group>"; };
		1CD68C97306F61F50054CB9A /* OptionsView.swift */ = {isa = PBXFileReference; lastKnownFileType = sourcecode.swift; path = OptionsView.swift; sourceTree = "<group>"; };
		1CD68C98306F61F50054CB9A /* RecordDetailView.swift */ = {isa = PBXFileReference; lastKnownFileType = sourcecode.swift; path = RecordDetailView.swift; sourceTree = "<group>"; };
		1CD68C99306F61F50054CB9A /* SearchView.swift */ = {isa = PBXFileReference; lastKnownFileType = sourcecode.swift; path = SearchView.swift; sourceTree = "<group>"; };
		1CD68C9A306F61F50054CB9A /* SearchViewModel.swift */ = {isa = PBXFileReference; lastKnownFileType = sourcecode.swift; path = SearchViewModel.swift; sourceTree = "<group>"; };
		1CD68C9C306F61F50054CB9A /* AppCoordinator.swift */ = {isa = PBXFileReference; lastKnownFileType = sourcecode.swift; path = AppCoordinator.swift; sourceTree = "<group>"; };
		1CD68C9E306F61F50054CB9A /* Networking.swift */ = {isa = PBXFileReference; lastKnownFileType = sourcecode.swift; path = Networking.swift; sourceTree = "<group>"; };
		1CD68CAC306F624A0054CB9A /* ImmigrantDTO.swift */ = {isa = PBXFileReference; lastKnownFileType = sourcecode.swift; path = ImmigrantDTO.swift; sourceTree = "<group>"; };
		1CD68CB1306F627A0054CB9A /* RemoteSearchRepository.swift */ = {isa = PBXFileReference; lastKnownFileType = sourcecode.swift; path = RemoteSearchRepository.swift; sourceTree = "<group>"; };
		1CD68CB7306F63070054CB9A /* SearchForm.swift */ = {isa = PBXFileReference; lastKnownFileType = sourcecode.swift; path = SearchForm.swift; sourceTree = "<group>"; };
		1CD68CB9306F631F0054CB9A /* SearchState.swift */ = {isa = PBXFileReference; lastKnownFileType = sourcecode.swift; path = SearchState.swift; sourceTree = "<group>"; };
		1CD68CBB306F63770054CB9A /* URLSessionAPIClient.swift */ = {isa = PBXFileReference; lastKnownFileType = sourcecode.swift; path = URLSessionAPIClient.swift; sourceTree = "<group>"; };
		1CD68CBD306F63AB0054CB9A /* APIClient.swift */ = {isa = PBXFileReference; lastKnownFileType = sourcecode.swift; path = APIClient.swift; sourceTree = "<group>"; };
		1CD68CBF306F640C0054CB9A /* APIErrorEnvelope.swift */ = {isa = PBXFileReference; lastKnownFileType = sourcecode.swift; path = APIErrorEnvelope.swift; sourceTree = "<group>"; };
		1CD68CC2306F675C0054CB9A /* RetrieveImmigrantsUseCaseInterface.swift */ = {isa = PBXFileReference; lastKnownFileType = sourcecode.swift; path = RetrieveImmigrantsUseCaseInterface.swift; sourceTree = "<group>"; };
		1CD68CC5306F677F0054CB9A /* RetrieveImmigrantsError.swift */ = {isa = PBXFileReference; lastKnownFileType = sourcecode.swift; path = RetrieveImmigrantsError.swift; sourceTree = "<group>"; };
		1CD68CC7306F678E0054CB9A /* RetrieveImmigrantsUseCase.swift */ = {isa = PBXFileReference; lastKnownFileType = sourcecode.swift; path = RetrieveImmigrantsUseCase.swift; sourceTree = "<group>"; };
		1CD68CC9306F68C10054CB9A /* AppContainer.swift */ = {isa = PBXFileReference; lastKnownFileType = sourcecode.swift; path = AppContainer.swift; sourceTree = "<group>"; };
		1CD68CCB306F6C910054CB9A /* ImmigrantGroup.swift */ = {isa = PBXFileReference; lastKnownFileType = sourcecode.swift; path = ImmigrantGroup.swift; sourceTree = "<group>"; };
		1CD68CCD306F6CA90054CB9A /* ImmigrantGroupMember.swift */ = {isa = PBXFileReference; lastKnownFileType = sourcecode.swift; path = ImmigrantGroupMember.swift; sourceTree = "<group>"; };
		1CD68CCF306F6CC70054CB9A /* ImmigrantGroupDTO.swift */ = {isa = PBXFileReference; lastKnownFileType = sourcecode.swift; path = ImmigrantGroupDTO.swift; sourceTree = "<group>"; };
		1CD68CD1306F6CDD0054CB9A /* ImmigrantGroupMemberDTO.swift */ = {isa = PBXFileReference; lastKnownFileType = sourcecode.swift; path = ImmigrantGroupMemberDTO.swift; sourceTree = "<group>"; };
		1CD68CD3306F6D110054CB9A /* RemoteImmigrantGroupRepository.swift */ = {isa = PBXFileReference; lastKnownFileType = sourcecode.swift; path = RemoteImmigrantGroupRepository.swift; sourceTree = "<group>"; };
		1CD68CD6306F6D3F0054CB9A /* SearchRepository.swift */ = {isa = PBXFileReference; lastKnownFileType = sourcecode.swift; path = SearchRepository.swift; sourceTree = "<group>"; };
		1CD68CD8306F6D520054CB9A /* ImmigrantGroupRepository.swift */ = {isa = PBXFileReference; lastKnownFileType = sourcecode.swift; path = ImmigrantGroupRepository.swift; sourceTree = "<group>"; };
		1CD68CDB306F6DB20054CB9A /* RetrieveImmigrantGroupUseCaseInterface.swift */ = {isa = PBXFileReference; lastKnownFileType = sourcecode.swift; path = RetrieveImmigrantGroupUseCaseInterface.swift; sourceTree = "<group>"; };
		1CD68CDD306F6DC20054CB9A /* RetrieveImmigrantGroupUseCase.swift */ = {isa = PBXFileReference; lastKnownFileType = sourcecode.swift; path = RetrieveImmigrantGroupUseCase.swift; sourceTree = "<group>"; };
		1CD68CE0306F6DFE0054CB9A /* GroupDetailsState.swift */ = {isa = PBXFileReference; lastKnownFileType = sourcecode.swift; path = GroupDetailsState.swift; sourceTree = "<group>"; };
		1CD68CE2306F6E100054CB9A /* GroupDetailsViewModel.swift */ = {isa = PBXFileReference; lastKnownFileType = sourcecode.swift; path = GroupDetailsViewModel.swift; sourceTree = "<group>"; };
		1CD68CE4306F6EC80054CB9A /* GroupDetailsView.swift */ = {isa = PBXFileReference; lastKnownFileType = sourcecode.swift; path = GroupDetailsView.swift; sourceTree = "<group>"; };
		1CD68CE6306F6FD30054CB9A /* SearchNavigationEvent.swift */ = {isa = PBXFileReference; lastKnownFileType = sourcecode.swift; path = SearchNavigationEvent.swift; sourceTree = "<group>"; };
		1CD68CE8306F70260054CB9A /* SearchRecord.swift */ = {isa = PBXFileReference; lastKnownFileType = sourcecode.swift; path = SearchRecord.swift; sourceTree = "<group>"; };
		1CD68CEA306F70480054CB9A /* SearchError.swift */ = {isa = PBXFileReference; lastKnownFileType = sourcecode.swift; path = SearchError.swift; sourceTree = "<group>"; };
		1CD68CED306F78A00054CB9A /* NameSurnameKanjiView.swift */ = {isa = PBXFileReference; lastKnownFileType = sourcecode.swift; path = NameSurnameKanjiView.swift; sourceTree = "<group>"; };
		38A007151ABE87CC01A5B6E9 /* AshiatoKai.app */ = {isa = PBXFileReference; explicitFileType = wrapper.application; includeInIndex = 0; path = AshiatoKai.app; sourceTree = BUILT_PRODUCTS_DIR; };
/* End PBXFileReference section */

/* Begin PBXFrameworksBuildPhase section */
		7561BFB015D8F536760CB671 /* Frameworks */ = {
			isa = PBXFrameworksBuildPhase;
			buildActionMask = 2147483647;
			files = (
			);
			runOnlyForDeploymentPostprocessing = 0;
		};
/* End PBXFrameworksBuildPhase section */

/* Begin PBXGroup section */
		1CD68C91306F61F50054CB9A /* App */ = {
			isa = PBXGroup;
			children = (
				1CD68CC9306F68C10054CB9A /* AppContainer.swift */,
				1CD68C8F306F61F50054CB9A /* AppView.swift */,
				1CD68C90306F61F50054CB9A /* AshiatoKaiApp.swift */,
			);
			path = App;
			sourceTree = "<group>";
		};
		1CD68C94306F61F50054CB9A /* Data */ = {
			isa = PBXGroup;
			children = (
				1CD68C92306F61F50054CB9A /* MockSearchRepository.swift */,
			);
			path = Data;
			sourceTree = "<group>";
		};
		1CD68C96306F61F50054CB9A /* Domain */ = {
			isa = PBXGroup;
			children = (
				1CD68CEA306F70480054CB9A /* SearchError.swift */,
				1CD68CE8306F70260054CB9A /* SearchRecord.swift */,
				1CD68CCD306F6CA90054CB9A /* ImmigrantGroupMember.swift */,
				1CD68CCB306F6C910054CB9A /* ImmigrantGroup.swift */,
				1CD68C95306F61F50054CB9A /* SearchModels.swift */,
			);
			path = Domain;
			sourceTree = "<group>";
		};
		1CD68C9B306F61F50054CB9A /* Features */ = {
			isa = PBXGroup;
			children = (
				1CD68CEC306F78940054CB9A /* NameSurnameKanji */,
				1CD68CDF306F6DDF0054CB9A /* GroupDetail */,
				1CD68CB6306F62DA0054CB9A /* RecordDetail */,
				1CD68CB5306F62D10054CB9A /* Options */,
				1CD68CB4306F62C70054CB9A /* Search */,
			);
			path = Features;
			sourceTree = "<group>";
		};
		1CD68C9D306F61F50054CB9A /* Navigation */ = {
			isa = PBXGroup;
			children = (
				1CD68C9C306F61F50054CB9A /* AppCoordinator.swift */,
			);
			path = Navigation;
			sourceTree = "<group>";
		};
		1CD68CAA306F621F0054CB9A /* API */ = {
			isa = PBXGroup;
			children = (
				1CD68CB3306F629D0054CB9A /* Core */,
				1CD68CAB306F62430054CB9A /* DTO */,
			);
			path = API;
			sourceTree = "<group>";
		};
		1CD68CAB306F62430054CB9A /* DTO */ = {
			isa = PBXGroup;
			children = (
				1CD68CD1306F6CDD0054CB9A /* ImmigrantGroupMemberDTO.swift */,
				1CD68CCF306F6CC70054CB9A /* ImmigrantGroupDTO.swift */,
				1CD68CAC306F624A0054CB9A /* ImmigrantDTO.swift */,
			);
			path = DTO;
			sourceTree = "<group>";
		};
		1CD68CAE306F62650054CB9A /* Repositories */ = {
			isa = PBXGroup;
			children = (
				1CD68CD5306F6D360054CB9A /* Protocols */,
				1CD68CB0306F62740054CB9A /* Remote */,
				1CD68CAF306F626F0054CB9A /* Local */,
			);
			path = Repositories;
			sourceTree = "<group>";
		};
		1CD68CAF306F626F0054CB9A /* Local */ = {
			isa = PBXGroup;
			children = (
			);
			path = Local;
			sourceTree = "<group>";
		};
		1CD68CB0306F62740054CB9A /* Remote */ = {
			isa = PBXGroup;
			children = (
				1CD68CD3306F6D110054CB9A /* RemoteImmigrantGroupRepository.swift */,
				1CD68CB1306F627A0054CB9A /* RemoteSearchRepository.swift */,
			);
			path = Remote;
			sourceTree = "<group>";
		};
		1CD68CB3306F629D0054CB9A /* Core */ = {
			isa = PBXGroup;
			children = (
				1CD68CBF306F640C0054CB9A /* APIErrorEnvelope.swift */,
				1CD68CBD306F63AB0054CB9A /* APIClient.swift */,
				1CD68CBB306F63770054CB9A /* URLSessionAPIClient.swift */,
				1CD68C93306F61F50054CB9A /* APIError.swift */,
				1CD68C9E306F61F50054CB9A /* Networking.swift */,
			);
			path = Core;
			sourceTree = "<group>";
		};
		1CD68CB4306F62C70054CB9A /* Search */ = {
			isa = PBXGroup;
			children = (
				1CD68CE6306F6FD30054CB9A /* SearchNavigationEvent.swift */,
				1CD68CB9306F631F0054CB9A /* SearchState.swift */,
				1CD68CB7306F63070054CB9A /* SearchForm.swift */,
				1CD68C99306F61F50054CB9A /* SearchView.swift */,
				1CD68C9A306F61F50054CB9A /* SearchViewModel.swift */,
			);
			path = Search;
			sourceTree = "<group>";
		};
		1CD68CB5306F62D10054CB9A /* Options */ = {
			isa = PBXGroup;
			children = (
				1CD68C97306F61F50054CB9A /* OptionsView.swift */,
			);
			path = Options;
			sourceTree = "<group>";
		};
		1CD68CB6306F62DA0054CB9A /* RecordDetail */ = {
			isa = PBXGroup;
			children = (
				1CD68C98306F61F50054CB9A /* RecordDetailView.swift */,
			);
			path = RecordDetail;
			sourceTree = "<group>";
		};
		1CD68CC1306F67530054CB9A /* UseCases */ = {
			isa = PBXGroup;
			children = (
				1CD68CDA306F6DA20054CB9A /* RetrieveImmigrantGroup */,
				1CD68CC4306F676E0054CB9A /* RetrieveImmigrants */,
			);
			path = UseCases;
			sourceTree = "<group>";
		};
		1CD68CC4306F676E0054CB9A /* RetrieveImmigrants */ = {
			isa = PBXGroup;
			children = (
				1CD68CC7306F678E0054CB9A /* RetrieveImmigrantsUseCase.swift */,
				1CD68CC5306F677F0054CB9A /* RetrieveImmigrantsError.swift */,
				1CD68CC2306F675C0054CB9A /* RetrieveImmigrantsUseCaseInterface.swift */,
			);
			path = RetrieveImmigrants;
			sourceTree = "<group>";
		};
		1CD68CD5306F6D360054CB9A /* Protocols */ = {
			isa = PBXGroup;
			children = (
				1CD68CD8306F6D520054CB9A /* ImmigrantGroupRepository.swift */,
				1CD68CD6306F6D3F0054CB9A /* SearchRepository.swift */,
			);
			path = Protocols;
			sourceTree = "<group>";
		};
		1CD68CDA306F6DA20054CB9A /* RetrieveImmigrantGroup */ = {
			isa = PBXGroup;
			children = (
				1CD68CDD306F6DC20054CB9A /* RetrieveImmigrantGroupUseCase.swift */,
				1CD68CDB306F6DB20054CB9A /* RetrieveImmigrantGroupUseCaseInterface.swift */,
			);
			path = RetrieveImmigrantGroup;
			sourceTree = "<group>";
		};
		1CD68CDF306F6DDF0054CB9A /* GroupDetail */ = {
			isa = PBXGroup;
			children = (
				1CD68CE4306F6EC80054CB9A /* GroupDetailsView.swift */,
				1CD68CE2306F6E100054CB9A /* GroupDetailsViewModel.swift */,
				1CD68CE0306F6DFE0054CB9A /* GroupDetailsState.swift */,
			);
			path = GroupDetail;
			sourceTree = "<group>";
		};
		1CD68CEC306F78940054CB9A /* NameSurnameKanji */ = {
			isa = PBXGroup;
			children = (
				1CD68CED306F78A00054CB9A /* NameSurnameKanjiView.swift */,
			);
			path = NameSurnameKanji;
			sourceTree = "<group>";
		};
		64292B1C2B2E13EAD8788FC8 = {
			isa = PBXGroup;
			children = (
				BCE16DD0260827ECF338C787 /* AshiatoKai */,
				FBDC4F23F93125BBEEAE800C /* Products */,
			);
			sourceTree = "<group>";
		};
		BCE16DD0260827ECF338C787 /* AshiatoKai */ = {
			isa = PBXGroup;
			children = (
				1CD68CC1306F67530054CB9A /* UseCases */,
				1CD68CAE306F62650054CB9A /* Repositories */,
				1CD68CAA306F621F0054CB9A /* API */,
				1CD68C91306F61F50054CB9A /* App */,
				1CD68C94306F61F50054CB9A /* Data */,
				1CD68C96306F61F50054CB9A /* Domain */,
				1CD68C9B306F61F50054CB9A /* Features */,
				1CD68C9D306F61F50054CB9A /* Navigation */,
			);
			path = AshiatoKai;
			sourceTree = "<group>";
		};
		FBDC4F23F93125BBEEAE800C /* Products */ = {
			isa = PBXGroup;
			children = (
				38A007151ABE87CC01A5B6E9 /* AshiatoKai.app */,
			);
			name = Products;
			sourceTree = "<group>";
		};
/* End PBXGroup section */

/* Begin PBXNativeTarget section */
		0E8A3AD980EC179856012B7E /* AshiatoKai */ = {
			isa = PBXNativeTarget;
			buildConfigurationList = 92ECD82D0CEE2963AAC52780 /* Build configuration list for PBXNativeTarget "AshiatoKai" */;
			buildPhases = (
				FE77C82BB2A42EFEEC930360 /* Sources */,
				7561BFB015D8F536760CB671 /* Frameworks */,
				0189424A5A60FED329FA868E /* Resources */,
			);
			buildRules = (
			);
			dependencies = (
			);
			name = AshiatoKai;
			productName = ReactiveSearch;
			productReference = 38A007151ABE87CC01A5B6E9 /* AshiatoKai.app */;
			productType = "com.apple.product-type.application";
		};
/* End PBXNativeTarget section */

/* Begin PBXProject section */
		98F54143AB4E86B28C3AFEE0 /* Project object */ = {
			isa = PBXProject;
			attributes = {
				BuildIndependentTargetsInParallel = YES;
				LastUpgradeCheck = 2650;
				TargetAttributes = {
					0E8A3AD980EC179856012B7E = {
						CreatedOnToolsVersion = 16.0;
					};
				};
			};
			buildConfigurationList = 0112DAE3F84CB4DF5179BE01 /* Build configuration list for PBXProject "AshiatoKai" */;
			compatibilityVersion = "Xcode 14.0";
			developmentRegion = en;
			hasScannedForEncodings = 0;
			knownRegions = (
				en,
				Base,
			);
			mainGroup = 64292B1C2B2E13EAD8788FC8;
			productRefGroup = FBDC4F23F93125BBEEAE800C /* Products */;
			projectDirPath = "";
			projectRoot = "";
			targets = (
				0E8A3AD980EC179856012B7E /* AshiatoKai */,
			);
		};
/* End PBXProject section */

/* Begin PBXResourcesBuildPhase section */
		0189424A5A60FED329FA868E /* Resources */ = {
			isa = PBXResourcesBuildPhase;
			buildActionMask = 2147483647;
			files = (
			);
			runOnlyForDeploymentPostprocessing = 0;
		};
/* End PBXResourcesBuildPhase section */

/* Begin PBXSourcesBuildPhase section */
		FE77C82BB2A42EFEEC930360 /* Sources */ = {
			isa = PBXSourcesBuildPhase;
			buildActionMask = 2147483647;
			files = (
				1CD68C9F306F61F50054CB9A /* AshiatoKaiApp.swift in Sources */,
				1CD68CDE306F6DC20054CB9A /* RetrieveImmigrantGroupUseCase.swift in Sources */,
				1CD68CBE306F63AB0054CB9A /* APIClient.swift in Sources */,
				1CD68CA0306F61F50054CB9A /* OptionsView.swift in Sources */,
				1CD68CC6306F677F0054CB9A /* RetrieveImmigrantsError.swift in Sources */,
				1CD68CA1306F61F50054CB9A /* RecordDetailView.swift in Sources */,
				1CD68CE3306F6E100054CB9A /* GroupDetailsViewModel.swift in Sources */,
				1CD68CE1306F6DFE0054CB9A /* GroupDetailsState.swift in Sources */,
				1CD68CC3306F675C0054CB9A /* RetrieveImmigrantsUseCaseInterface.swift in Sources */,
				1CD68CEE306F78A00054CB9A /* NameSurnameKanjiView.swift in Sources */,
				1CD68CD2306F6CDD0054CB9A /* ImmigrantGroupMemberDTO.swift in Sources */,
				1CD68CD4306F6D110054CB9A /* RemoteImmigrantGroupRepository.swift in Sources */,
				1CD68CC8306F678E0054CB9A /* RetrieveImmigrantsUseCase.swift in Sources */,
				1CD68CA2306F61F50054CB9A /* SearchView.swift in Sources */,
				1CD68CBA306F63220054CB9A /* SearchState.swift in Sources */,
				1CD68CE9306F70260054CB9A /* SearchRecord.swift in Sources */,
				1CD68CD7306F6D3F0054CB9A /* SearchRepository.swift in Sources */,
				1CD68CAD306F624A0054CB9A /* ImmigrantDTO.swift in Sources */,
				1CD68CD9306F6D520054CB9A /* ImmigrantGroupRepository.swift in Sources */,
				1CD68CA3306F61F50054CB9A /* SearchViewModel.swift in Sources */,
				1CD68CA4306F61F50054CB9A /* AppView.swift in Sources */,
				1CD68CD0306F6CC70054CB9A /* ImmigrantGroupDTO.swift in Sources */,
				1CD68CC0306F640C0054CB9A /* APIErrorEnvelope.swift in Sources */,
				1CD68CBC306F63770054CB9A /* URLSessionAPIClient.swift in Sources */,
				1CD68CA5306F61F50054CB9A /* MockSearchRepository.swift in Sources */,
				1CD68CA6306F61F50054CB9A /* AppCoordinator.swift in Sources */,
				1CD68CA7306F61F50054CB9A /* SearchModels.swift in Sources */,
				1CD68CCC306F6C910054CB9A /* ImmigrantGroup.swift in Sources */,
				1CD68CCE306F6CA90054CB9A /* ImmigrantGroupMember.swift in Sources */,
				1CD68CDC306F6DB20054CB9A /* RetrieveImmigrantGroupUseCaseInterface.swift in Sources */,
				1CD68CCA306F68C10054CB9A /* AppContainer.swift in Sources */,
				1CD68CB2306F627A0054CB9A /* RemoteSearchRepository.swift in Sources */,
				1CD68CB8306F63070054CB9A /* SearchForm.swift in Sources */,
				1CD68CA8306F61F50054CB9A /* APIError.swift in Sources */,
				1CD68CA9306F61F50054CB9A /* Networking.swift in Sources */,
				1CD68CEB306F70480054CB9A /* SearchError.swift in Sources */,
				1CD68CE5306F6EC80054CB9A /* GroupDetailsView.swift in Sources */,
				1CD68CE7306F6FD30054CB9A /* SearchNavigationEvent.swift in Sources */,
			);
			runOnlyForDeploymentPostprocessing = 0;
		};
/* End PBXSourcesBuildPhase section */

/* Begin XCBuildConfiguration section */
		639A7CA24D39909E713B47F7 /* Release */ = {
			isa = XCBuildConfiguration;
			buildSettings = {
				CLANG_ENABLE_OBJC_WEAK = YES;
				CODE_SIGN_STYLE = Automatic;
				CURRENT_PROJECT_VERSION = 1;
				GENERATE_INFOPLIST_FILE = YES;
				INFOPLIST_KEY_CFBundleDisplayName = "Ashiato Kai";
				INFOPLIST_KEY_LSApplicationCategoryType = "public.app-category.education";
				INFOPLIST_KEY_UIApplicationSceneManifest_Generation = YES;
				INFOPLIST_KEY_UILaunchScreen_Generation = YES;
				INFOPLIST_KEY_UISupportedInterfaceOrientations = UIInterfaceOrientationPortrait;
				MARKETING_VERSION = 1.0;
				PRODUCT_BUNDLE_IDENTIFIER = "com.uedasoft-it.ashiatokai";
				PRODUCT_NAME = "$(TARGET_NAME)";
				SUPPORTED_PLATFORMS = "iphoneos iphonesimulator";
				SUPPORTS_MACCATALYST = NO;
				SUPPORTS_MAC_DESIGNED_FOR_IPHONE_IPAD = NO;
				SUPPORTS_XR_DESIGNED_FOR_IPHONE_IPAD = NO;
				SWIFT_EMIT_LOC_STRINGS = YES;
				TARGETED_DEVICE_FAMILY = "1,2";
			};
			name = Release;
		};
		7082CC0B6FC1282FCEABD07A /* Debug */ = {
			isa = XCBuildConfiguration;
			buildSettings = {
				CLANG_ENABLE_OBJC_WEAK = YES;
				CODE_SIGN_STYLE = Automatic;
				CURRENT_PROJECT_VERSION = 1;
				GENERATE_INFOPLIST_FILE = YES;
				INFOPLIST_KEY_CFBundleDisplayName = "Ashiato Kai";
				INFOPLIST_KEY_LSApplicationCategoryType = "public.app-category.education";
				INFOPLIST_KEY_UIApplicationSceneManifest_Generation = YES;
				INFOPLIST_KEY_UILaunchScreen_Generation = YES;
				INFOPLIST_KEY_UISupportedInterfaceOrientations = UIInterfaceOrientationPortrait;
				MARKETING_VERSION = 1.0;
				PRODUCT_BUNDLE_IDENTIFIER = "com.uedasoft-it.ashiatokai";
				PRODUCT_NAME = "$(TARGET_NAME)";
				SUPPORTED_PLATFORMS = "iphoneos iphonesimulator";
				SUPPORTS_MACCATALYST = NO;
				SUPPORTS_MAC_DESIGNED_FOR_IPHONE_IPAD = NO;
				SUPPORTS_XR_DESIGNED_FOR_IPHONE_IPAD = NO;
				SWIFT_EMIT_LOC_STRINGS = YES;
				TARGETED_DEVICE_FAMILY = "1,2";
			};
			name = Debug;
		};
		89E1FD6268CC0F221A2BE178 /* Debug */ = {
			isa = XCBuildConfiguration;
			buildSettings = {
				CLANG_ENABLE_MODULES = YES;
				CLANG_WARN_BLOCK_CAPTURE_AUTORELEASING = YES;
				CLANG_WARN_BOOL_CONVERSION = YES;
				CLANG_WARN_COMMA = YES;
				CLANG_WARN_CONSTANT_CONVERSION = YES;
				CLANG_WARN_DEPRECATED_OBJC_IMPLEMENTATIONS = YES;
				CLANG_WARN_EMPTY_BODY = YES;
				CLANG_WARN_ENUM_CONVERSION = YES;
				CLANG_WARN_INFINITE_RECURSION = YES;
				CLANG_WARN_INT_CONVERSION = YES;
				CLANG_WARN_NON_LITERAL_NULL_CONVERSION = YES;
				CLANG_WARN_OBJC_IMPLICIT_RETAIN_SELF = YES;
				CLANG_WARN_OBJC_LITERAL_CONVERSION = YES;
				CLANG_WARN_QUOTED_INCLUDE_IN_FRAMEWORK_HEADER = YES;
				CLANG_WARN_RANGE_LOOP_ANALYSIS = YES;
				CLANG_WARN_STRICT_PROTOTYPES = YES;
				CLANG_WARN_SUSPICIOUS_MOVE = YES;
				CLANG_WARN_UNREACHABLE_CODE = YES;
				CLANG_WARN__DUPLICATE_METHOD_MATCH = YES;
				DEBUG_INFORMATION_FORMAT = dwarf;
				DEVELOPMENT_TEAM = TP8RNXJWA9;
				ENABLE_STRICT_OBJC_MSGSEND = YES;
				ENABLE_TESTABILITY = YES;
				ENABLE_USER_SCRIPT_SANDBOXING = YES;
				GCC_NO_COMMON_BLOCKS = YES;
				GCC_WARN_64_TO_32_BIT_CONVERSION = YES;
				GCC_WARN_ABOUT_RETURN_TYPE = YES;
				GCC_WARN_UNDECLARED_SELECTOR = YES;
				GCC_WARN_UNINITIALIZED_AUTOS = YES;
				GCC_WARN_UNUSED_FUNCTION = YES;
				GCC_WARN_UNUSED_VARIABLE = YES;
				IPHONEOS_DEPLOYMENT_TARGET = 18.0;
				ONLY_ACTIVE_ARCH = YES;
				SDKROOT = iphoneos;
				STRING_CATALOG_GENERATE_SYMBOLS = YES;
				SWIFT_ACTIVE_COMPILATION_CONDITIONS = DEBUG;
				SWIFT_OPTIMIZATION_LEVEL = "-Onone";
				SWIFT_VERSION = 5.0;
			};
			name = Debug;
		};
		E6DE6C99132752C914FEF632 /* Release */ = {
			isa = XCBuildConfiguration;
			buildSettings = {
				CLANG_ENABLE_MODULES = YES;
				CLANG_WARN_BLOCK_CAPTURE_AUTORELEASING = YES;
				CLANG_WARN_BOOL_CONVERSION = YES;
				CLANG_WARN_COMMA = YES;
				CLANG_WARN_CONSTANT_CONVERSION = YES;
				CLANG_WARN_DEPRECATED_OBJC_IMPLEMENTATIONS = YES;
				CLANG_WARN_EMPTY_BODY = YES;
				CLANG_WARN_ENUM_CONVERSION = YES;
				CLANG_WARN_INFINITE_RECURSION = YES;
				CLANG_WARN_INT_CONVERSION = YES;
				CLANG_WARN_NON_LITERAL_NULL_CONVERSION = YES;
				CLANG_WARN_OBJC_IMPLICIT_RETAIN_SELF = YES;
				CLANG_WARN_OBJC_LITERAL_CONVERSION = YES;
				CLANG_WARN_QUOTED_INCLUDE_IN_FRAMEWORK_HEADER = YES;
				CLANG_WARN_RANGE_LOOP_ANALYSIS = YES;
				CLANG_WARN_STRICT_PROTOTYPES = YES;
				CLANG_WARN_SUSPICIOUS_MOVE = YES;
				CLANG_WARN_UNREACHABLE_CODE = YES;
				CLANG_WARN__DUPLICATE_METHOD_MATCH = YES;
				DEBUG_INFORMATION_FORMAT = "dwarf-with-dsym";
				DEVELOPMENT_TEAM = TP8RNXJWA9;
				ENABLE_STRICT_OBJC_MSGSEND = YES;
				ENABLE_USER_SCRIPT_SANDBOXING = YES;
				GCC_NO_COMMON_BLOCKS = YES;
				GCC_WARN_64_TO_32_BIT_CONVERSION = YES;
				GCC_WARN_ABOUT_RETURN_TYPE = YES;
				GCC_WARN_UNDECLARED_SELECTOR = YES;
				GCC_WARN_UNINITIALIZED_AUTOS = YES;
				GCC_WARN_UNUSED_FUNCTION = YES;
				GCC_WARN_UNUSED_VARIABLE = YES;
				IPHONEOS_DEPLOYMENT_TARGET = 18.0;
				SDKROOT = iphoneos;
				STRING_CATALOG_GENERATE_SYMBOLS = YES;
				SWIFT_COMPILATION_MODE = wholemodule;
				SWIFT_VERSION = 5.0;
			};
			name = Release;
		};
/* End XCBuildConfiguration section */

/* Begin XCConfigurationList section */
		0112DAE3F84CB4DF5179BE01 /* Build configuration list for PBXProject "AshiatoKai" */ = {
			isa = XCConfigurationList;
			buildConfigurations = (
				89E1FD6268CC0F221A2BE178 /* Debug */,
				E6DE6C99132752C914FEF632 /* Release */,
			);
			defaultConfigurationIsVisible = 0;
			defaultConfigurationName = Release;
		};
		92ECD82D0CEE2963AAC52780 /* Build configuration list for PBXNativeTarget "AshiatoKai" */ = {
			isa = XCConfigurationList;
			buildConfigurations = (
				7082CC0B6FC1282FCEABD07A /* Debug */,
				639A7CA24D39909E713B47F7 /* Release */,
			);
			defaultConfigurationIsVisible = 0;
			defaultConfigurationName = Release;
		};
/* End XCConfigurationList section */
	};
	rootObject = 98F54143AB4E86B28C3AFEE0 /* Project object */;
}
